
Microsoft Visual Studio Solution File, Format Version 12.00
# Visual Studio Version 16
VisualStudioVersion = 16.0.32106.194
MinimumVisualStudioVersion = 10.0.40219.1
Project("{FAE04EC0-301F-11D3-BF4B-00C04F79EFBC}") = "Janitor", "Janitor.csproj", "{9A11C1C6-1CA9-4A7D-90AF-65F90D7B208A}"
EndProject
Global
	GlobalSection(SolutionConfigurationPlatforms) = preSolution
		Debug|Any CPU = Debug|Any CPU
		Release|Any CPU = Release|Any CPU
	EndGlobalSection
	GlobalSection(ProjectConfigurationPlatforms) = postSolution
		{9A11C1C6-1CA9-4A7D-90AF-65F90D7B208A}.Debug|Any CPU.ActiveCfg = Debug|Any CPU
		{9A11C1C6-1CA9-4A7D-90AF-65F90D7B208A}.Debug|Any CPU.Build.0 = Debug|Any CPU
		{9A11C1C6-1CA9-4A7D-90AF-65F90D7B208A}.Release|Any CPU.ActiveCfg = Release|Any CPU
		{9A11C1C6-1CA9-4A7D-90AF-65F90D7B208A}.Release|Any CPU.Build.0 = Release|Any CPU
	EndGlobalSection
	GlobalSection(SolutionProperties) = preSolution
		HideSolutionNode = FALSE
	EndGlobalSection
	GlobalSection(ExtensibilityGlobals) = postSolution
		SolutionGuid = {7BCC3697-B1D4-4295-9EC2-A87FA3211546}
	EndGlobalSection
EndGlobal
